
Microsoft Visual Studio Solution File, Format Version 12.00
# Visual Studio Version 16
VisualStudioVersion = 16.0.30128.74
MinimumVisualStudioVersion = 10.0.40219.1
Project("{9A19103F-16F7-4668-BE54-9A1E7A4F7556}") = "PX.LineCostForAccrueExt", "PX.LineCostForAccrueExt\PX.LineCostForAccrueExt.csproj", "{E2AF2CAA-0440-4A87-AA6F-65BCC0F05CC4}"
EndProject
Project("{E24C65DC-7377-472B-9ABA-BC803B73C61A}") = "AcmASG2021R207", "http://localhost/AcmASG2021R207", "{7603B521-B0C9-4B22-B4EC-166BC9DAD1E2}"
	ProjectSection(WebsiteProperties) = preProject
		UseIISExpress = "false"
		TargetFrameworkMoniker = ".NETFramework,Version%3Dv4.8"
		ProjectReferences = "{e2af2caa-0440-4a87-aa6f-65bcc0f05cc4}|PX.LineCostForAccrueExt.dll;"
		Debug.AspNetCompiler.VirtualPath = "/AcmASG2021R207"
		Debug.AspNetCompiler.PhysicalPath = "..\..\..\..\Program Files (x86)\Acumatica ERP\AcmASG2021R207\"
		Debug.AspNetCompiler.TargetPath = "PrecompiledWeb\AcmASG2021R207\"
		Debug.AspNetCompiler.Updateable = "true"
		Debug.AspNetCompiler.ForceOverwrite = "true"
		Debug.AspNetCompiler.FixedNames = "false"
		Debug.AspNetCompiler.Debug = "True"
		Release.AspNetCompiler.VirtualPath = "/AcmASG2021R207"
		Release.AspNetCompiler.PhysicalPath = "..\..\..\..\Program Files (x86)\Acumatica ERP\AcmASG2021R207\"
		Release.AspNetCompiler.TargetPath = "PrecompiledWeb\AcmASG2021R207\"
		Release.AspNetCompiler.Updateable = "true"
		Release.AspNetCompiler.ForceOverwrite = "true"
		Release.AspNetCompiler.FixedNames = "false"
		Release.AspNetCompiler.Debug = "False"
		SlnRelativePath = "..\..\..\..\Program Files (x86)\Acumatica ERP\AcmASG2021R207\"
	EndProjectSection
EndProject
Global
	GlobalSection(SolutionConfigurationPlatforms) = preSolution
		Debug|Any CPU = Debug|Any CPU
		Release|Any CPU = Release|Any CPU
	EndGlobalSection
	GlobalSection(ProjectConfigurationPlatforms) = postSolution
		{E2AF2CAA-0440-4A87-AA6F-65BCC0F05CC4}.Debug|Any CPU.ActiveCfg = Debug|Any CPU
		{E2AF2CAA-0440-4A87-AA6F-65BCC0F05CC4}.Debug|Any CPU.Build.0 = Debug|Any CPU
		{E2AF2CAA-0440-4A87-AA6F-65BCC0F05CC4}.Release|Any CPU.ActiveCfg = Release|Any CPU
		{E2AF2CAA-0440-4A87-AA6F-65BCC0F05CC4}.Release|Any CPU.Build.0 = Release|Any CPU
		{7603B521-B0C9-4B22-B4EC-166BC9DAD1E2}.Debug|Any CPU.ActiveCfg = Debug|Any CPU
		{7603B521-B0C9-4B22-B4EC-166BC9DAD1E2}.Debug|Any CPU.Build.0 = Debug|Any CPU
		{7603B521-B0C9-4B22-B4EC-166BC9DAD1E2}.Release|Any CPU.ActiveCfg = Debug|Any CPU
		{7603B521-B0C9-4B22-B4EC-166BC9DAD1E2}.Release|Any CPU.Build.0 = Debug|Any CPU
	EndGlobalSection
	GlobalSection(SolutionProperties) = preSolution
		HideSolutionNode = FALSE
	EndGlobalSection
	GlobalSection(ExtensibilityGlobals) = postSolution
		SolutionGuid = {70052D52-F992-45E9-9EEB-D77F705701E4}
	EndGlobalSection
EndGlobal
