
Microsoft Visual Studio Solution File, Format Version 12.00
# Visual Studio Version 17
VisualStudioVersion = 17.9.34728.123
MinimumVisualStudioVersion = 10.0.40219.1
Project("{9A19103F-16F7-4668-BE54-9A1E7A4F7556}") = "PX.LineCostForAccrueExt", "PX.LineCostForAccrueExt\PX.LineCostForAccrueExt.csproj", "{E2AF2CAA-0440-4A87-AA6F-65BCC0F05CC4}"
EndProject
Project("{E24C65DC-7377-472B-9ABA-BC803B73C61A}") = "AcmASG23R2", "http://localhost/AcmASG23R2", "{81A2F6D4-32B4-4453-A20D-D968691EF36F}"
	ProjectSection(WebsiteProperties) = preProject
		UseIISExpress = "false"
		TargetFrameworkMoniker = ".NETFramework,Version%3Dv4.8"
		ProjectReferences = "{e2af2caa-0440-4a87-aa6f-65bcc0f05cc4}|PX.LineCostForAccrueExt.dll;"
		Debug.AspNetCompiler.VirtualPath = "/AcmASG23R2"
		Debug.AspNetCompiler.PhysicalPath = "..\..\..\Sites\AcmASG23R2\"
		Debug.AspNetCompiler.TargetPath = "PrecompiledWeb\AcmASG23R2\"
		Debug.AspNetCompiler.Updateable = "true"
		Debug.AspNetCompiler.ForceOverwrite = "true"
		Debug.AspNetCompiler.FixedNames = "false"
		Debug.AspNetCompiler.Debug = "True"
		Release.AspNetCompiler.VirtualPath = "/AcmASG23R2"
		Release.AspNetCompiler.PhysicalPath = "..\..\..\Sites\AcmASG23R2\"
		Release.AspNetCompiler.TargetPath = "PrecompiledWeb\AcmASG23R2\"
		Release.AspNetCompiler.Updateable = "true"
		Release.AspNetCompiler.ForceOverwrite = "true"
		Release.AspNetCompiler.FixedNames = "false"
		Release.AspNetCompiler.Debug = "False"
		SlnRelativePath = "..\..\..\Sites\AcmASG23R2\"
	EndProjectSection
EndProject
Global
	GlobalSection(SolutionConfigurationPlatforms) = preSolution
		Debug|Any CPU = Debug|Any CPU
		Release|Any CPU = Release|Any CPU
	EndGlobalSection
	GlobalSection(ProjectConfigurationPlatforms) = postSolution
		{E2AF2CAA-0440-4A87-AA6F-65BCC0F05CC4}.Debug|Any CPU.ActiveCfg = Debug|Any CPU
		{E2AF2CAA-0440-4A87-AA6F-65BCC0F05CC4}.Debug|Any CPU.Build.0 = Debug|Any CPU
		{E2AF2CAA-0440-4A87-AA6F-65BCC0F05CC4}.Release|Any CPU.ActiveCfg = Release|Any CPU
		{E2AF2CAA-0440-4A87-AA6F-65BCC0F05CC4}.Release|Any CPU.Build.0 = Release|Any CPU
		{81A2F6D4-32B4-4453-A20D-D968691EF36F}.Debug|Any CPU.ActiveCfg = Debug|Any CPU
		{81A2F6D4-32B4-4453-A20D-D968691EF36F}.Debug|Any CPU.Build.0 = Debug|Any CPU
		{81A2F6D4-32B4-4453-A20D-D968691EF36F}.Release|Any CPU.ActiveCfg = Debug|Any CPU
		{81A2F6D4-32B4-4453-A20D-D968691EF36F}.Release|Any CPU.Build.0 = Debug|Any CPU
	EndGlobalSection
	GlobalSection(SolutionProperties) = preSolution
		HideSolutionNode = FALSE
	EndGlobalSection
	GlobalSection(ExtensibilityGlobals) = postSolution
		SolutionGuid = {70052D52-F992-45E9-9EEB-D77F705701E4}
	EndGlobalSection
EndGlobal
